// !$*UTF8*$!
{
	archiveVersion = 1;
	classes = {
	};
	objectVersion = 50;
	objects = {

/* Begin PBXBuildFile section */
		4A2883CD26B75BFD00A15F3C /* AppDelegate.swift in Sources */ = {isa = PBXBuildFile; fileRef = 4A2883CC26B75BFD00A15F3C /* AppDelegate.swift */; };
		4A2883CF26B75BFD00A15F3C /* SceneDelegate.swift in Sources */ = {isa = PBXBuildFile; fileRef = 4A2883CE26B75BFD00A15F3C /* SceneDelegate.swift */; };
		4A2883D126B75BFD00A15F3C /* ViewController.swift in Sources */ = {isa = PBXBuildFile; fileRef = 4A2883D026B75BFD00A15F3C /* ViewController.swift */; };
		4A2883D426B75BFD00A15F3C /* Main.storyboard in Resources */ = {isa = PBXBuildFile; fileRef = 4A2883D226B75BFD00A15F3C /* Main.storyboard */; };
		4A2883D626B75C0400A15F3C /* Assets.xcassets in Resources */ = {isa = PBXBuildFile; fileRef = 4A2883D526B75C0400A15F3C /* Assets.xcassets */; };
		4A2883D926B75C0400A15F3C /* LaunchScreen.storyboard in Resources */ = {isa = PBXBuildFile; fileRef = 4A2883D726B75C0400A15F3C /* LaunchScreen.storyboard */; };
		4A2883E426B75C0400A15F3C /* MarvelAppTests.swift in Sources */ = {isa = PBXBuildFile; fileRef = 4A2883E326B75C0400A15F3C /* MarvelAppTests.swift */; };
		4A2883EF26B75C0400A15F3C /* MarvelAppUITests.swift in Sources */ = {isa = PBXBuildFile; fileRef = 4A2883EE26B75C0400A15F3C /* MarvelAppUITests.swift */; };
/* End PBXBuildFile section */

/* Begin PBXContainerItemProxy section */
		4A2883E026B75C0400A15F3C /* PBXContainerItemProxy */ = {
			isa = PBXContainerItemProxy;
			containerPortal = 4A2883C126B75BFD00A15F3C /* Project object */;
			proxyType = 1;
			remoteGlobalIDString = 4A2883C826B75BFD00A15F3C;
			remoteInfo = MarvelApp;
		};
		4A2883EB26B75C0400A15F3C /* PBXContainerItemProxy */ = {
			isa = PBXContainerItemProxy;
			containerPortal = 4A2883C126B75BFD00A15F3C /* Project object */;
			proxyType = 1;
			remoteGlobalIDString = 4A2883C826B75BFD00A15F3C;
			remoteInfo = MarvelApp;
		};
/* End PBXContainerItemProxy section */

/* Begin PBXFileReference section */
		4A2883C926B75BFD00A15F3C /* MarvelApp.app */ = {isa = PBXFileReference; explicitFileType = wrapper.application; includeInIndex = 0; path = MarvelApp.app; sourceTree = BUILT_PRODUCTS_DIR; };
		4A2883CC26B75BFD00A15F3C /* AppDelegate.swift */ = {isa = PBXFileReference; lastKnownFileType = sourcecode.swift; path = AppDelegate.swift; sourceTree = "<group>"; };
		4A2883CE26B75BFD00A15F3C /* SceneDelegate.swift */ = {isa = PBXFileReference; lastKnownFileType = sourcecode.swift; path = SceneDelegate.swift; sourceTree = "<group>"; };
		4A2883D026B75BFD00A15F3C /* ViewController.swift */ = {isa = PBXFileReference; lastKnownFileType = sourcecode.swift; path = ViewController.swift; sourceTree = "<group>"; };
		4A2883D326B75BFD00A15F3C /* Base */ = {isa = PBXFileReference; lastKnownFileType = file.storyboard; name = Base; path = Base.lproj/Main.storyboard; sourceTree = "<group>"; };
		4A2883D526B75C0400A15F3C /* Assets.xcassets */ = {isa = PBXFileReference; lastKnownFileType = folder.assetcatalog; path = Assets.xcassets; sourceTree = "<group>"; };
		4A2883D826B75C0400A15F3C /* Base */ = {isa = PBXFileReference; lastKnownFileType = file.storyboard; name = Base; path = Base.lproj/LaunchScreen.storyboard; sourceTree = "<group>"; };
		4A2883DA26B75C0400A15F3C /* Info.plist */ = {isa = PBXFileReference; lastKnownFileType = text.plist.xml; path = Info.plist; sourceTree = "<group>"; };
		4A2883DF26B75C0400A15F3C /* MarvelAppTests.xctest */ = {isa = PBXFileReference; explicitFileType = wrapper.cfbundle; includeInIndex = 0; path = MarvelAppTests.xctest; sourceTree = BUILT_PRODUCTS_DIR; };
		4A2883E326B75C0400A15F3C /* MarvelAppTests.swift */ = {isa = PBXFileReference; lastKnownFileType = sourcecode.swift; path = MarvelAppTests.swift; sourceTree = "<group>"; };
		4A2883E526B75C0400A15F3C /* Info.plist */ = {isa = PBXFileReference; lastKnownFileType = text.plist.xml; path = Info.plist; sourceTree = "<group>"; };
		4A2883EA26B75C0400A15F3C /* MarvelAppUITests.xctest */ = {isa = PBXFileReference; explicitFileType = wrapper.cfbundle; includeInIndex = 0; path = MarvelAppUITests.xctest; sourceTree = BUILT_PRODUCTS_DIR; };
		4A2883EE26B75C0400A15F3C /* MarvelAppUITests.swift */ = {isa = PBXFileReference; lastKnownFileType = sourcecode.swift; path = MarvelAppUITests.swift; sourceTree = "<group>"; };
		4A2883F026B75C0400A15F3C /* Info.plist */ = {isa = PBXFileReference; lastKnownFileType = text.plist.xml; path = Info.plist; sourceTree = "<group>"; };
/* End PBXFileReference section */

/* Begin PBXFrameworksBuildPhase section */
		4A2883C626B75BFD00A15F3C /* Frameworks */ = {
			isa = PBXFrameworksBuildPhase;
			buildActionMask = 2147483647;
			files = (
			);
			runOnlyForDeploymentPostprocessing = 0;
		};
		4A2883DC26B75C0400A15F3C /* Frameworks */ = {
			isa = PBXFrameworksBuildPhase;
			buildActionMask = 2147483647;
			files = (
			);
			runOnlyForDeploymentPostprocessing = 0;
		};
		4A2883E726B75C0400A15F3C /* Frameworks */ = {
			isa = PBXFrameworksBuildPhase;
			buildActionMask = 2147483647;
			files = (
			);
			runOnlyForDeploymentPostprocessing = 0;
		};
/* End PBXFrameworksBuildPhase section */

/* Begin PBXGroup section */
		4A2883C026B75BFD00A15F3C = {
			isa = PBXGroup;
			children = (
				4A2883CB26B75BFD00A15F3C /* MarvelApp */,
				4A2883E226B75C0400A15F3C /* MarvelAppTests */,
				4A2883ED26B75C0400A15F3C /* MarvelAppUITests */,
				4A2883CA26B75BFD00A15F3C /* Products */,
			);
			sourceTree = "<group>";
		};
		4A2883CA26B75BFD00A15F3C /* Products */ = {
			isa = PBXGroup;
			children = (
				4A2883C926B75BFD00A15F3C /* MarvelApp.app */,
				4A2883DF26B75C0400A15F3C /* MarvelAppTests.xctest */,
				4A2883EA26B75C0400A15F3C /* MarvelAppUITests.xctest */,
			);
			name = Products;
			sourceTree = "<group>";
		};
		4A2883CB26B75BFD00A15F3C /* MarvelApp */ = {
			isa = PBXGroup;
			children = (
				4A2883CC26B75BFD00A15F3C /* AppDelegate.swift */,
				4A2883CE26B75BFD00A15F3C /* SceneDelegate.swift */,
				4A2883D026B75BFD00A15F3C /* ViewController.swift */,
				4A2883D226B75BFD00A15F3C /* Main.storyboard */,
				4A2883D526B75C0400A15F3C /* Assets.xcassets */,
				4A2883D726B75C0400A15F3C /* LaunchScreen.storyboard */,
				4A2883DA26B75C0400A15F3C /* Info.plist */,
			);
			path = MarvelApp;
			sourceTree = "<group>";
		};
		4A2883E226B75C0400A15F3C /* MarvelAppTests */ = {
			isa = PBXGroup;
			children = (
				4A2883E326B75C0400A15F3C /* MarvelAppTests.swift */,
				4A2883E526B75C0400A15F3C /* Info.plist */,
			);
			path = MarvelAppTests;
			sourceTree = "<group>";
		};
		4A2883ED26B75C0400A15F3C /* MarvelAppUITests */ = {
			isa = PBXGroup;
			children = (
				4A2883EE26B75C0400A15F3C /* MarvelAppUITests.swift */,
				4A2883F026B75C0400A15F3C /* Info.plist */,
			);
			path = MarvelAppUITests;
			sourceTree = "<group>";
		};
/* End PBXGroup section */

/* Begin PBXNativeTarget section */
		4A2883C826B75BFD00A15F3C /* MarvelApp */ = {
			isa = PBXNativeTarget;
			buildConfigurationList = 4A2883F326B75C0400A15F3C /* Build configuration list for PBXNativeTarget "MarvelApp" */;
			buildPhases = (
				4A2883C526B75BFD00A15F3C /* Sources */,
				4A2883C626B75BFD00A15F3C /* Frameworks */,
				4A2883C726B75BFD00A15F3C /* Resources */,
			);
			buildRules = (
			);
			dependencies = (
			);
			name = MarvelApp;
			productName = MarvelApp;
			productReference = 4A2883C926B75BFD00A15F3C /* MarvelApp.app */;
			productType = "com.apple.product-type.application";
		};
		4A2883DE26B75C0400A15F3C /* MarvelAppTests */ = {
			isa = PBXNativeTarget;
			buildConfigurationList = 4A2883F626B75C0400A15F3C /* Build configuration list for PBXNativeTarget "MarvelAppTests" */;
			buildPhases = (
				4A2883DB26B75C0400A15F3C /* Sources */,
				4A2883DC26B75C0400A15F3C /* Frameworks */,
				4A2883DD26B75C0400A15F3C /* Resources */,
			);
			buildRules = (
			);
			dependencies = (
				4A2883E126B75C0400A15F3C /* PBXTargetDependency */,
			);
			name = MarvelAppTests;
			productName = MarvelAppTests;
			productReference = 4A2883DF26B75C0400A15F3C /* MarvelAppTests.xctest */;
			productType = "com.apple.product-type.bundle.unit-test";
		};
		4A2883E926B75C0400A15F3C /* MarvelAppUITests */ = {
			isa = PBXNativeTarget;
			buildConfigurationList = 4A2883F926B75C0400A15F3C /* Build configuration list for PBXNativeTarget "MarvelAppUITests" */;
			buildPhases = (
				4A2883E626B75C0400A15F3C /* Sources */,
				4A2883E726B75C0400A15F3C /* Frameworks */,
				4A2883E826B75C0400A15F3C /* Resources */,
			);
			buildRules = (
			);
			dependencies = (
				4A2883EC26B75C0400A15F3C /* PBXTargetDependency */,
			);
			name = MarvelAppUITests;
			productName = MarvelAppUITests;
			productReference = 4A2883EA26B75C0400A15F3C /* MarvelAppUITests.xctest */;
			productType = "com.apple.product-type.bundle.ui-testing";
		};
/* End PBXNativeTarget section */

/* Begin PBXProject section */
		4A2883C126B75BFD00A15F3C /* Project object */ = {
			isa = PBXProject;
			attributes = {
				LastSwiftUpdateCheck = 1240;
				LastUpgradeCheck = 1240;
				TargetAttributes = {
					4A2883C826B75BFD00A15F3C = {
						CreatedOnToolsVersion = 12.4;
					};
					4A2883DE26B75C0400A15F3C = {
						CreatedOnToolsVersion = 12.4;
						TestTargetID = 4A2883C826B75BFD00A15F3C;
					};
					4A2883E926B75C0400A15F3C = {
						CreatedOnToolsVersion = 12.4;
						TestTargetID = 4A2883C826B75BFD00A15F3C;
					};
				};
			};
			buildConfigurationList = 4A2883C426B75BFD00A15F3C /* Build configuration list for PBXProject "MarvelApp" */;
			compatibilityVersion = "Xcode 9.3";
			developmentRegion = en;
			hasScannedForEncodings = 0;
			knownRegions = (
				en,
				Base,
			);
			mainGroup = 4A2883C026B75BFD00A15F3C;
			productRefGroup = 4A2883CA26B75BFD00A15F3C /* Products */;
			projectDirPath = "";
			projectRoot = "";
			targets = (
				4A2883C826B75BFD00A15F3C /* MarvelApp */,
				4A2883DE26B75C0400A15F3C /* MarvelAppTests */,
				4A2883E926B75C0400A15F3C /* MarvelAppUITests */,
			);
		};
/* End PBXProject section */

/* Begin PBXResourcesBuildPhase section */
		4A2883C726B75BFD00A15F3C /* Resources */ = {
			isa = PBXResourcesBuildPhase;
			buildActionMask = 2147483647;
			files = (
				4A2883D926B75C0400A15F3C /* LaunchScreen.storyboard in Resources */,
				4A2883D626B75C0400A15F3C /* Assets.xcassets in Resources */,
				4A2883D426B75BFD00A15F3C /* Main.storyboard in Resources */,
			);
			runOnlyForDeploymentPostprocessing = 0;
		};
		4A2883DD26B75C0400A15F3C /* Resources */ = {
			isa = PBXResourcesBuildPhase;
			buildActionMask = 2147483647;
			files = (
			);
			runOnlyForDeploymentPostprocessing = 0;
		};
		4A2883E826B75C0400A15F3C /* Resources */ = {
			isa = PBXResourcesBuildPhase;
			buildActionMask = 2147483647;
			files = (
			);
			runOnlyForDeploymentPostprocessing = 0;
		};
/* End PBXResourcesBuildPhase section */

/* Begin PBXSourcesBuildPhase section */
		4A2883C526B75BFD00A15F3C /* Sources */ = {
			isa = PBXSourcesBuildPhase;
			buildActionMask = 2147483647;
			files = (
				4A2883D126B75BFD00A15F3C /* ViewController.swift in Sources */,
				4A2883CD26B75BFD00A15F3C /* AppDelegate.swift in Sources */,
				4A2883CF26B75BFD00A15F3C /* SceneDelegate.swift in Sources */,
			);
			runOnlyForDeploymentPostprocessing = 0;
		};
		4A2883DB26B75C0400A15F3C /* Sources */ = {
			isa = PBXSourcesBuildPhase;
			buildActionMask = 2147483647;
			files = (
				4A2883E426B75C0400A15F3C /* MarvelAppTests.swift in Sources */,
			);
			runOnlyForDeploymentPostprocessing = 0;
		};
		4A2883E626B75C0400A15F3C /* Sources */ = {
			isa = PBXSourcesBuildPhase;
			buildActionMask = 2147483647;
			files = (
				4A2883EF26B75C0400A15F3C /* MarvelAppUITests.swift in Sources */,
			);
			runOnlyForDeploymentPostprocessing = 0;
		};
/* End PBXSourcesBuildPhase section */

/* Begin PBXTargetDependency section */
		4A2883E126B75C0400A15F3C /* PBXTargetDependency */ = {
			isa = PBXTargetDependency;
			target = 4A2883C826B75BFD00A15F3C /* MarvelApp */;
			targetProxy = 4A2883E026B75C0400A15F3C /* PBXContainerItemProxy */;
		};
		4A2883EC26B75C0400A15F3C /* PBXTargetDependency */ = {
			isa = PBXTargetDependency;
			target = 4A2883C826B75BFD00A15F3C /* MarvelApp */;
			targetProxy = 4A2883EB26B75C0400A15F3C /* PBXContainerItemProxy */;
		};
/* End PBXTargetDependency section */

/* Begin PBXVariantGroup section */
		4A2883D226B75BFD00A15F3C /* Main.storyboard */ = {
			isa = PBXVariantGroup;
			children = (
				4A2883D326B75BFD00A15F3C /* Base */,
			);
			name = Main.storyboard;
			sourceTree = "<group>";
		};
		4A2883D726B75C0400A15F3C /* LaunchScreen.storyboard */ = {
			isa = PBXVariantGroup;
			children = (
				4A2883D826B75C0400A15F3C /* Base */,
			);
			name = LaunchScreen.storyboard;
			sourceTree = "<group>";
		};
/* End PBXVariantGroup section */

/* Begin XCBuildConfiguration section */
		4A2883F126B75C0400A15F3C /* Debug */ = {
			isa = XCBuildConfiguration;
			buildSettings = {
				ALWAYS_SEARCH_USER_PATHS = NO;
				CLANG_ANALYZER_NONNULL = YES;
				CLANG_ANALYZER_NUMBER_OBJECT_CONVERSION = YES_AGGRESSIVE;
				CLANG_CXX_LANGUAGE_STANDARD = "gnu++14";
				CLANG_CXX_LIBRARY = "libc++";
				CLANG_ENABLE_MODULES = YES;
				CLANG_ENABLE_OBJC_ARC = YES;
				CLANG_ENABLE_OBJC_WEAK = YES;
				CLANG_WARN_BLOCK_CAPTURE_AUTORELEASING = YES;
				CLANG_WARN_BOOL_CONVERSION = YES;
				CLANG_WARN_COMMA = YES;
				CLANG_WARN_CONSTANT_CONVERSION = YES;
				CLANG_WARN_DEPRECATED_OBJC_IMPLEMENTATIONS = YES;
				CLANG_WARN_DIRECT_OBJC_ISA_USAGE = YES_ERROR;
				CLANG_WARN_DOCUMENTATION_COMMENTS = YES;
				CLANG_WARN_EMPTY_BODY = YES;
				CLANG_WARN_ENUM_CONVERSION = YES;
				CLANG_WARN_INFINITE_RECURSION = YES;
				CLANG_WARN_INT_CONVERSION = YES;
				CLANG_WARN_NON_LITERAL_NULL_CONVERSION = YES;
				CLANG_WARN_OBJC_IMPLICIT_RETAIN_SELF = YES;
				CLANG_WARN_OBJC_LITERAL_CONVERSION = YES;
				CLANG_WARN_OBJC_ROOT_CLASS = YES_ERROR;
				CLANG_WARN_QUOTED_INCLUDE_IN_FRAMEWORK_HEADER = YES;
				CLANG_WARN_RANGE_LOOP_ANALYSIS = YES;
				CLANG_WARN_STRICT_PROTOTYPES = YES;
				CLANG_WARN_SUSPICIOUS_MOVE = YES;
				CLANG_WARN_UNGUARDED_AVAILABILITY = YES_AGGRESSIVE;
				CLANG_WARN_UNREACHABLE_CODE = YES;
				CLANG_WARN__DUPLICATE_METHOD_MATCH = YES;
				COPY_PHASE_STRIP = NO;
				DEBUG_INFORMATION_FORMAT = dwarf;
				ENABLE_STRICT_OBJC_MSGSEND = YES;
				ENABLE_TESTABILITY = YES;
				GCC_C_LANGUAGE_STANDARD = gnu11;
				GCC_DYNAMIC_NO_PIC = NO;
				GCC_NO_COMMON_BLOCKS = YES;
				GCC_OPTIMIZATION_LEVEL = 0;
				GCC_PREPROCESSOR_DEFINITIONS = (
					"DEBUG=1",
					"$(inherited)",
				);
				GCC_WARN_64_TO_32_BIT_CONVERSION = YES;
				GCC_WARN_ABOUT_RETURN_TYPE = YES_ERROR;
				GCC_WARN_UNDECLARED_SELECTOR = YES;
				GCC_WARN_UNINITIALIZED_AUTOS = YES_AGGRESSIVE;
				GCC_WARN_UNUSED_FUNCTION = YES;
				GCC_WARN_UNUSED_VARIABLE = YES;
				IPHONEOS_DEPLOYMENT_TARGET = 13.6;
				MTL_ENABLE_DEBUG_INFO = INCLUDE_SOURCE;
				MTL_FAST_MATH = YES;
				ONLY_ACTIVE_ARCH = YES;
				SDKROOT = iphoneos;
				SWIFT_ACTIVE_COMPILATION_CONDITIONS = DEBUG;
				SWIFT_OPTIMIZATION_LEVEL = "-Onone";
			};
			name = Debug;
		};
		4A2883F226B75C0400A15F3C /* Release */ = {
			isa = XCBuildConfiguration;
			buildSettings = {
				ALWAYS_SEARCH_USER_PATHS = NO;
				CLANG_ANALYZER_NONNULL = YES;
				CLANG_ANALYZER_NUMBER_OBJECT_CONVERSION = YES_AGGRESSIVE;
				CLANG_CXX_LANGUAGE_STANDARD = "gnu++14";
				CLANG_CXX_LIBRARY = "libc++";
				CLANG_ENABLE_MODULES = YES;
				CLANG_ENABLE_OBJC_ARC = YES;
				CLANG_ENABLE_OBJC_WEAK = YES;
				CLANG_WARN_BLOCK_CAPTURE_AUTORELEASING = YES;
				CLANG_WARN_BOOL_CONVERSION = YES;
				CLANG_WARN_COMMA = YES;
				CLANG_WARN_CONSTANT_CONVERSION = YES;
				CLANG_WARN_DEPRECATED_OBJC_IMPLEMENTATIONS = YES;
				CLANG_WARN_DIRECT_OBJC_ISA_USAGE = YES_ERROR;
				CLANG_WARN_DOCUMENTATION_COMMENTS = YES;
				CLANG_WARN_EMPTY_BODY = YES;
				CLANG_WARN_ENUM_CONVERSION = YES;
				CLANG_WARN_INFINITE_RECURSION = YES;
				CLANG_WARN_INT_CONVERSION = YES;
				CLANG_WARN_NON_LITERAL_NULL_CONVERSION = YES;
				CLANG_WARN_OBJC_IMPLICIT_RETAIN_SELF = YES;
				CLANG_WARN_OBJC_LITERAL_CONVERSION = YES;
				CLANG_WARN_OBJC_ROOT_CLASS = YES_ERROR;
				CLANG_WARN_QUOTED_INCLUDE_IN_FRAMEWORK_HEADER = YES;
				CLANG_WARN_RANGE_LOOP_ANALYSIS = YES;
				CLANG_WARN_STRICT_PROTOTYPES = YES;
				CLANG_WARN_SUSPICIOUS_MOVE = YES;
				CLANG_WARN_UNGUARDED_AVAILABILITY = YES_AGGRESSIVE;
				CLANG_WARN_UNREACHABLE_CODE = YES;
				CLANG_WARN__DUPLICATE_METHOD_MATCH = YES;
				COPY_PHASE_STRIP = NO;
				DEBUG_INFORMATION_FORMAT = "dwarf-with-dsym";
				ENABLE_NS_ASSERTIONS = NO;
				ENABLE_STRICT_OBJC_MSGSEND = YES;
				GCC_C_LANGUAGE_STANDARD = gnu11;
				GCC_NO_COMMON_BLOCKS = YES;
				GCC_WARN_64_TO_32_BIT_CONVERSION = YES;
				GCC_WARN_ABOUT_RETURN_TYPE = YES_ERROR;
				GCC_WARN_UNDECLARED_SELECTOR = YES;
				GCC_WARN_UNINITIALIZED_AUTOS = YES_AGGRESSIVE;
				GCC_WARN_UNUSED_FUNCTION = YES;
				GCC_WARN_UNUSED_VARIABLE = YES;
				IPHONEOS_DEPLOYMENT_TARGET = 13.6;
				MTL_ENABLE_DEBUG_INFO = NO;
				MTL_FAST_MATH = YES;
				SDKROOT = iphoneos;
				SWIFT_COMPILATION_MODE = wholemodule;
				SWIFT_OPTIMIZATION_LEVEL = "-O";
				VALIDATE_PRODUCT = YES;
			};
			name = Release;
		};
		4A2883F426B75C0400A15F3C /* Debug */ = {
			isa = XCBuildConfiguration;
			buildSettings = {
				ASSETCATALOG_COMPILER_APPICON_NAME = AppIcon;
				ASSETCATALOG_COMPILER_GLOBAL_ACCENT_COLOR_NAME = AccentColor;
				CODE_SIGN_STYLE = Automatic;
				INFOPLIST_FILE = MarvelApp/Info.plist;
				LD_RUNPATH_SEARCH_PATHS = (
					"$(inherited)",
					"@executable_path/Frameworks",
				);
				PRODUCT_BUNDLE_IDENTIFIER = MyApp.MarvelApp;
				PRODUCT_NAME = "$(TARGET_NAME)";
				SWIFT_VERSION = 5.0;
				TARGETED_DEVICE_FAMILY = "1,2";
			};
			name = Debug;
		};
		4A2883F526B75C0400A15F3C /* Release */ = {
			isa = XCBuildConfiguration;
			buildSettings = {
				ASSETCATALOG_COMPILER_APPICON_NAME = AppIcon;
				ASSETCATALOG_COMPILER_GLOBAL_ACCENT_COLOR_NAME = AccentColor;
				CODE_SIGN_STYLE = Automatic;
				INFOPLIST_FILE = MarvelApp/Info.plist;
				LD_RUNPATH_SEARCH_PATHS = (
					"$(inherited)",
					"@executable_path/Frameworks",
				);
				PRODUCT_BUNDLE_IDENTIFIER = MyApp.MarvelApp;
				PRODUCT_NAME = "$(TARGET_NAME)";
				SWIFT_VERSION = 5.0;
				TARGETED_DEVICE_FAMILY = "1,2";
			};
			name = Release;
		};
		4A2883F726B75C0400A15F3C /* Debug */ = {
			isa = XCBuildConfiguration;
			buildSettings = {
				ALWAYS_EMBED_SWIFT_STANDARD_LIBRARIES = YES;
				BUNDLE_LOADER = "$(TEST_HOST)";
				CODE_SIGN_STYLE = Automatic;
				INFOPLIST_FILE = MarvelAppTests/Info.plist;
				IPHONEOS_DEPLOYMENT_TARGET = 14.4;
				LD_RUNPATH_SEARCH_PATHS = (
					"$(inherited)",
					"@executable_path/Frameworks",
					"@loader_path/Frameworks",
				);
				PRODUCT_BUNDLE_IDENTIFIER = MyApp.MarvelAppTests;
				PRODUCT_NAME = "$(TARGET_NAME)";
				SWIFT_VERSION = 5.0;
				TARGETED_DEVICE_FAMILY = "1,2";
				TEST_HOST = "$(BUILT_PRODUCTS_DIR)/MarvelApp.app/MarvelApp";
			};
			name = Debug;
		};
		4A2883F826B75C0400A15F3C /* Release */ = {
			isa = XCBuildConfiguration;
			buildSettings = {
				ALWAYS_EMBED_SWIFT_STANDARD_LIBRARIES = YES;
				BUNDLE_LOADER = "$(TEST_HOST)";
				CODE_SIGN_STYLE = Automatic;
				INFOPLIST_FILE = MarvelAppTests/Info.plist;
				IPHONEOS_DEPLOYMENT_TARGET = 14.4;
				LD_RUNPATH_SEARCH_PATHS = (
					"$(inherited)",
					"@executable_path/Frameworks",
					"@loader_path/Frameworks",
				);
				PRODUCT_BUNDLE_IDENTIFIER = MyApp.MarvelAppTests;
				PRODUCT_NAME = "$(TARGET_NAME)";
				SWIFT_VERSION = 5.0;
				TARGETED_DEVICE_FAMILY = "1,2";
				TEST_HOST = "$(BUILT_PRODUCTS_DIR)/MarvelApp.app/MarvelApp";
			};
			name = Release;
		};
		4A2883FA26B75C0400A15F3C /* Debug */ = {
			isa = XCBuildConfiguration;
			buildSettings = {
				ALWAYS_EMBED_SWIFT_STANDARD_LIBRARIES = YES;
				CODE_SIGN_STYLE = Automatic;
				INFOPLIST_FILE = MarvelAppUITests/Info.plist;
				LD_RUNPATH_SEARCH_PATHS = (
					"$(inherited)",
					"@executable_path/Frameworks",
					"@loader_path/Frameworks",
				);
				PRODUCT_BUNDLE_IDENTIFIER = MyApp.MarvelAppUITests;
				PRODUCT_NAME = "$(TARGET_NAME)";
				SWIFT_VERSION = 5.0;
				TARGETED_DEVICE_FAMILY = "1,2";
				TEST_TARGET_NAME = MarvelApp;
			};
			name = Debug;
		};
		4A2883FB26B75C0400A15F3C /* Release */ = {
			isa = XCBuildConfiguration;
			buildSettings = {
				ALWAYS_EMBED_SWIFT_STANDARD_LIBRARIES = YES;
				CODE_SIGN_STYLE = Automatic;
				INFOPLIST_FILE = MarvelAppUITests/Info.plist;
				LD_RUNPATH_SEARCH_PATHS = (
					"$(inherited)",
					"@executable_path/Frameworks",
					"@loader_path/Frameworks",
				);
				PRODUCT_BUNDLE_IDENTIFIER = MyApp.MarvelAppUITests;
				PRODUCT_NAME = "$(TARGET_NAME)";
				SWIFT_VERSION = 5.0;
				TARGETED_DEVICE_FAMILY = "1,2";
				TEST_TARGET_NAME = MarvelApp;
			};
			name = Release;
		};
/* End XCBuildConfiguration section */

/* Begin XCConfigurationList section */
		4A2883C426B75BFD00A15F3C /* Build configuration list for PBXProject "MarvelApp" */ = {
			isa = XCConfigurationList;
			buildConfigurations = (
				4A2883F126B75C0400A15F3C /* Debug */,
				4A2883F226B75C0400A15F3C /* Release */,
			);
			defaultConfigurationIsVisible = 0;
			defaultConfigurationName = Release;
		};
		4A2883F326B75C0400A15F3C /* Build configuration list for PBXNativeTarget "MarvelApp" */ = {
			isa = XCConfigurationList;
			buildConfigurations = (
				4A2883F426B75C0400A15F3C /* Debug */,
				4A2883F526B75C0400A15F3C /* Release */,
			);
			defaultConfigurationIsVisible = 0;
			defaultConfigurationName = Release;
		};
		4A2883F626B75C0400A15F3C /* Build configuration list for PBXNativeTarget "MarvelAppTests" */ = {
			isa = XCConfigurationList;
			buildConfigurations = (
				4A2883F726B75C0400A15F3C /* Debug */,
				4A2883F826B75C0400A15F3C /* Release */,
			);
			defaultConfigurationIsVisible = 0;
			defaultConfigurationName = Release;
		};
		4A2883F926B75C0400A15F3C /* Build configuration list for PBXNativeTarget "MarvelAppUITests" */ = {
			isa = XCConfigurationList;
			buildConfigurations = (
				4A2883FA26B75C0400A15F3C /* Debug */,
				4A2883FB26B75C0400A15F3C /* Release */,
			);
			defaultConfigurationIsVisible = 0;
			defaultConfigurationName = Release;
		};
/* End XCConfigurationList section */
	};
	rootObject = 4A2883C126B75BFD00A15F3C /* Project object */;
}
